
Microsoft Visual Studio Solution File, Format Version 12.00
# Visual Studio Version 16
VisualStudioVersion = 16.0.30320.27
MinimumVisualStudioVersion = 10.0.40219.1
Project("{FAE04EC0-301F-11D3-BF4B-00C04F79EFBC}") = "Tarea_PAV1", "Tarea_PAV1\Tarea_PAV1.csproj", "{1561CB79-BB12-4C00-AB9A-2927B972678B}"
EndProject
Global
	GlobalSection(SolutionConfigurationPlatforms) = preSolution
		Debug|Any CPU = Debug|Any CPU
		Release|Any CPU = Release|Any CPU
	EndGlobalSection
	GlobalSection(ProjectConfigurationPlatforms) = postSolution
		{1561CB79-BB12-4C00-AB9A-2927B972678B}.Debug|Any CPU.ActiveCfg = Debug|Any CPU
		{1561CB79-BB12-4C00-AB9A-2927B972678B}.Debug|Any CPU.Build.0 = Debug|Any CPU
		{1561CB79-BB12-4C00-AB9A-2927B972678B}.Release|Any CPU.ActiveCfg = Release|Any CPU
		{1561CB79-BB12-4C00-AB9A-2927B972678B}.Release|Any CPU.Build.0 = Release|Any CPU
	EndGlobalSection
	GlobalSection(SolutionProperties) = preSolution
		HideSolutionNode = FALSE
	EndGlobalSection
	GlobalSection(ExtensibilityGlobals) = postSolution
		SolutionGuid = {3F562F26-5097-418B-B990-1CEE63560E19}
	EndGlobalSection
EndGlobal
